
Microsoft Visual Studio Solution File, Format Version 12.00
# Visual Studio 2012
Project("{FAE04EC0-301F-11D3-BF4B-00C04F79EFBC}") = "COLOR COMBO BOX", "COLOR COMBO BOX\COLOR COMBO BOX.csproj", "{1E34F433-DF03-48EF-8F03-424606F533DD}"
EndProject
Global
	GlobalSection(SolutionConfigurationPlatforms) = preSolution
		Debug|Any CPU = Debug|Any CPU
		Release|Any CPU = Release|Any CPU
	EndGlobalSection
	GlobalSection(ProjectConfigurationPlatforms) = postSolution
		{1E34F433-DF03-48EF-8F03-424606F533DD}.Debug|Any CPU.ActiveCfg = Debug|Any CPU
		{1E34F433-DF03-48EF-8F03-424606F533DD}.Debug|Any CPU.Build.0 = Debug|Any CPU
		{1E34F433-DF03-48EF-8F03-424606F533DD}.Release|Any CPU.ActiveCfg = Release|Any CPU
		{1E34F433-DF03-48EF-8F03-424606F533DD}.Release|Any CPU.Build.0 = Release|Any CPU
	EndGlobalSection
	GlobalSection(SolutionProperties) = preSolution
		HideSolutionNode = FALSE
	EndGlobalSection
EndGlobal
