
Microsoft Visual Studio Solution File, Format Version 12.00
# Visual Studio 2012
Project("{FAE04EC0-301F-11D3-BF4B-00C04F79EFBC}") = "1.idiomas", "1.idiomas\1.idiomas.csproj", "{1D334A24-15D9-4F67-AF78-5BDBAFC1693E}"
EndProject
Global
	GlobalSection(SolutionConfigurationPlatforms) = preSolution
		Debug|Any CPU = Debug|Any CPU
		Release|Any CPU = Release|Any CPU
	EndGlobalSection
	GlobalSection(ProjectConfigurationPlatforms) = postSolution
		{1D334A24-15D9-4F67-AF78-5BDBAFC1693E}.Debug|Any CPU.ActiveCfg = Debug|Any CPU
		{1D334A24-15D9-4F67-AF78-5BDBAFC1693E}.Debug|Any CPU.Build.0 = Debug|Any CPU
		{1D334A24-15D9-4F67-AF78-5BDBAFC1693E}.Release|Any CPU.ActiveCfg = Release|Any CPU
		{1D334A24-15D9-4F67-AF78-5BDBAFC1693E}.Release|Any CPU.Build.0 = Release|Any CPU
	EndGlobalSection
	GlobalSection(SolutionProperties) = preSolution
		HideSolutionNode = FALSE
	EndGlobalSection
EndGlobal
