
Microsoft Visual Studio Solution File, Format Version 12.00
# Visual Studio 2012
Project("{FAE04EC0-301F-11D3-BF4B-00C04F79EFBC}") = "aleatoria", "aleatoria\aleatoria.csproj", "{E82A458D-0652-44FD-9815-C8E44760B005}"
EndProject
Global
	GlobalSection(SolutionConfigurationPlatforms) = preSolution
		Debug|Any CPU = Debug|Any CPU
		Release|Any CPU = Release|Any CPU
	EndGlobalSection
	GlobalSection(ProjectConfigurationPlatforms) = postSolution
		{E82A458D-0652-44FD-9815-C8E44760B005}.Debug|Any CPU.ActiveCfg = Debug|Any CPU
		{E82A458D-0652-44FD-9815-C8E44760B005}.Debug|Any CPU.Build.0 = Debug|Any CPU
		{E82A458D-0652-44FD-9815-C8E44760B005}.Release|Any CPU.ActiveCfg = Release|Any CPU
		{E82A458D-0652-44FD-9815-C8E44760B005}.Release|Any CPU.Build.0 = Release|Any CPU
	EndGlobalSection
	GlobalSection(SolutionProperties) = preSolution
		HideSolutionNode = FALSE
	EndGlobalSection
EndGlobal
