
Microsoft Visual Studio Solution File, Format Version 12.00
# Visual Studio 2012
Project("{FAE04EC0-301F-11D3-BF4B-00C04F79EFBC}") = "3.navegadores", "3.navegadores\3.navegadores.csproj", "{4238DD72-F170-4687-B605-F19F65AE6042}"
EndProject
Global
	GlobalSection(SolutionConfigurationPlatforms) = preSolution
		Debug|Any CPU = Debug|Any CPU
		Release|Any CPU = Release|Any CPU
	EndGlobalSection
	GlobalSection(ProjectConfigurationPlatforms) = postSolution
		{4238DD72-F170-4687-B605-F19F65AE6042}.Debug|Any CPU.ActiveCfg = Debug|Any CPU
		{4238DD72-F170-4687-B605-F19F65AE6042}.Debug|Any CPU.Build.0 = Debug|Any CPU
		{4238DD72-F170-4687-B605-F19F65AE6042}.Release|Any CPU.ActiveCfg = Release|Any CPU
		{4238DD72-F170-4687-B605-F19F65AE6042}.Release|Any CPU.Build.0 = Release|Any CPU
	EndGlobalSection
	GlobalSection(SolutionProperties) = preSolution
		HideSolutionNode = FALSE
	EndGlobalSection
EndGlobal
