
Microsoft Visual Studio Solution File, Format Version 12.00
# Visual Studio 2012
Project("{F184B08F-C81C-45F6-A57F-5ABD9991F28F}") = "EJEMPLO", "EJEMPLO\EJEMPLO.vbproj", "{87A21578-E0FB-4CBF-A08A-E0D15ED22656}"
EndProject
Global
	GlobalSection(SolutionConfigurationPlatforms) = preSolution
		Debug|Any CPU = Debug|Any CPU
		Release|Any CPU = Release|Any CPU
	EndGlobalSection
	GlobalSection(ProjectConfigurationPlatforms) = postSolution
		{87A21578-E0FB-4CBF-A08A-E0D15ED22656}.Debug|Any CPU.ActiveCfg = Debug|Any CPU
		{87A21578-E0FB-4CBF-A08A-E0D15ED22656}.Debug|Any CPU.Build.0 = Debug|Any CPU
		{87A21578-E0FB-4CBF-A08A-E0D15ED22656}.Release|Any CPU.ActiveCfg = Release|Any CPU
		{87A21578-E0FB-4CBF-A08A-E0D15ED22656}.Release|Any CPU.Build.0 = Release|Any CPU
	EndGlobalSection
	GlobalSection(SolutionProperties) = preSolution
		HideSolutionNode = FALSE
	EndGlobalSection
EndGlobal
