
Microsoft Visual Studio Solution File, Format Version 12.00
# Visual Studio 2012
Project("{FAE04EC0-301F-11D3-BF4B-00C04F79EFBC}") = "consultar", "consultar\consultar.csproj", "{2B8CA132-A5A6-41CD-BCB0-67BC0C47D87B}"
EndProject
Global
	GlobalSection(SolutionConfigurationPlatforms) = preSolution
		Debug|Any CPU = Debug|Any CPU
		Release|Any CPU = Release|Any CPU
	EndGlobalSection
	GlobalSection(ProjectConfigurationPlatforms) = postSolution
		{2B8CA132-A5A6-41CD-BCB0-67BC0C47D87B}.Debug|Any CPU.ActiveCfg = Debug|Any CPU
		{2B8CA132-A5A6-41CD-BCB0-67BC0C47D87B}.Debug|Any CPU.Build.0 = Debug|Any CPU
		{2B8CA132-A5A6-41CD-BCB0-67BC0C47D87B}.Release|Any CPU.ActiveCfg = Release|Any CPU
		{2B8CA132-A5A6-41CD-BCB0-67BC0C47D87B}.Release|Any CPU.Build.0 = Release|Any CPU
	EndGlobalSection
	GlobalSection(SolutionProperties) = preSolution
		HideSolutionNode = FALSE
	EndGlobalSection
EndGlobal
