
Microsoft Visual Studio Solution File, Format Version 12.00
# Visual Studio 2012
Project("{FAE04EC0-301F-11D3-BF4B-00C04F79EFBC}") = "ejercicio 1", "ejercicio 1\ejercicio 1.csproj", "{BF48B7F5-7FF4-4336-8BCA-10E03001A0F5}"
EndProject
Global
	GlobalSection(SolutionConfigurationPlatforms) = preSolution
		Debug|Any CPU = Debug|Any CPU
		Release|Any CPU = Release|Any CPU
	EndGlobalSection
	GlobalSection(ProjectConfigurationPlatforms) = postSolution
		{BF48B7F5-7FF4-4336-8BCA-10E03001A0F5}.Debug|Any CPU.ActiveCfg = Debug|Any CPU
		{BF48B7F5-7FF4-4336-8BCA-10E03001A0F5}.Debug|Any CPU.Build.0 = Debug|Any CPU
		{BF48B7F5-7FF4-4336-8BCA-10E03001A0F5}.Release|Any CPU.ActiveCfg = Release|Any CPU
		{BF48B7F5-7FF4-4336-8BCA-10E03001A0F5}.Release|Any CPU.Build.0 = Release|Any CPU
	EndGlobalSection
	GlobalSection(SolutionProperties) = preSolution
		HideSolutionNode = FALSE
	EndGlobalSection
EndGlobal
