
Microsoft Visual Studio Solution File, Format Version 12.00
# Visual Studio 2012
Project("{FAE04EC0-301F-11D3-BF4B-00C04F79EFBC}") = "ejercicio uno", "ejercicio uno\ejercicio uno.csproj", "{AB784F14-9508-4EC5-8DA4-6A79973485E1}"
EndProject
Global
	GlobalSection(SolutionConfigurationPlatforms) = preSolution
		Debug|Any CPU = Debug|Any CPU
		Release|Any CPU = Release|Any CPU
	EndGlobalSection
	GlobalSection(ProjectConfigurationPlatforms) = postSolution
		{AB784F14-9508-4EC5-8DA4-6A79973485E1}.Debug|Any CPU.ActiveCfg = Debug|Any CPU
		{AB784F14-9508-4EC5-8DA4-6A79973485E1}.Debug|Any CPU.Build.0 = Debug|Any CPU
		{AB784F14-9508-4EC5-8DA4-6A79973485E1}.Release|Any CPU.ActiveCfg = Release|Any CPU
		{AB784F14-9508-4EC5-8DA4-6A79973485E1}.Release|Any CPU.Build.0 = Release|Any CPU
	EndGlobalSection
	GlobalSection(SolutionProperties) = preSolution
		HideSolutionNode = FALSE
	EndGlobalSection
EndGlobal
