
Microsoft Visual Studio Solution File, Format Version 12.00
# Visual Studio 2012
Project("{FAE04EC0-301F-11D3-BF4B-00C04F79EFBC}") = "Tablas de multiplicar", "Tablas de multiplicar\Tablas de multiplicar.csproj", "{E33795ED-5A74-4583-A375-6CE1B9F0F67B}"
EndProject
Global
	GlobalSection(SolutionConfigurationPlatforms) = preSolution
		Debug|Any CPU = Debug|Any CPU
		Release|Any CPU = Release|Any CPU
	EndGlobalSection
	GlobalSection(ProjectConfigurationPlatforms) = postSolution
		{E33795ED-5A74-4583-A375-6CE1B9F0F67B}.Debug|Any CPU.ActiveCfg = Debug|Any CPU
		{E33795ED-5A74-4583-A375-6CE1B9F0F67B}.Debug|Any CPU.Build.0 = Debug|Any CPU
		{E33795ED-5A74-4583-A375-6CE1B9F0F67B}.Release|Any CPU.ActiveCfg = Release|Any CPU
		{E33795ED-5A74-4583-A375-6CE1B9F0F67B}.Release|Any CPU.Build.0 = Release|Any CPU
	EndGlobalSection
	GlobalSection(SolutionProperties) = preSolution
		HideSolutionNode = FALSE
	EndGlobalSection
EndGlobal
