
Microsoft Visual Studio Solution File, Format Version 12.00
# Visual Studio 2012
Project("{FAE04EC0-301F-11D3-BF4B-00C04F79EFBC}") = "colores rgba", "colores rgba\colores rgba.csproj", "{643863E3-25A6-4403-B2F7-5A618C28BCCC}"
EndProject
Global
	GlobalSection(SolutionConfigurationPlatforms) = preSolution
		Debug|Any CPU = Debug|Any CPU
		Release|Any CPU = Release|Any CPU
	EndGlobalSection
	GlobalSection(ProjectConfigurationPlatforms) = postSolution
		{643863E3-25A6-4403-B2F7-5A618C28BCCC}.Debug|Any CPU.ActiveCfg = Debug|Any CPU
		{643863E3-25A6-4403-B2F7-5A618C28BCCC}.Debug|Any CPU.Build.0 = Debug|Any CPU
		{643863E3-25A6-4403-B2F7-5A618C28BCCC}.Release|Any CPU.ActiveCfg = Release|Any CPU
		{643863E3-25A6-4403-B2F7-5A618C28BCCC}.Release|Any CPU.Build.0 = Release|Any CPU
	EndGlobalSection
	GlobalSection(SolutionProperties) = preSolution
		HideSolutionNode = FALSE
	EndGlobalSection
EndGlobal
